
Microsoft Visual Studio Solution File, Format Version 12.00
# Visual Studio Version 16
VisualStudioVersion = 16.0.29418.71
MinimumVisualStudioVersion = 10.0.40219.1
Project("{2150E333-8FDC-42A3-9474-1A3956D46DE8}") = "Solution items", "Solution items", "{A6FDCF5D-6C3E-4042-9CA9-C11FF327DDD3}"
	ProjectSection(SolutionItems) = preProject
		Directory.Build.props = Directory.Build.props
	EndProjectSection
EndProject
Project("{2150E333-8FDC-42A3-9474-1A3956D46DE8}") = "Source", "Source", "{E31339A4-1C1F-48AC-AE56-029CFD04B33E}"
EndProject
Project("{2150E333-8FDC-42A3-9474-1A3956D46DE8}") = "Tests", "Tests", "{A9E06829-D8AA-4575-9CA9-8BE4930F2573}"
EndProject
Project("{9A19103F-16F7-4668-BE54-9A1E7A4F7556}") = "MvvmNavigation.Abstractions", "src\MvvmNavigation.Abstractions\MvvmNavigation.Abstractions.csproj", "{76E7DB28-959F-46B8-9178-CBC9F632CFDB}"
EndProject
Project("{9A19103F-16F7-4668-BE54-9A1E7A4F7556}") = "MvvmNavigation.Wpf", "src\MvvmNavigation.Wpf\MvvmNavigation.Wpf.csproj", "{3F23483A-19EE-4D9F-96E7-F3702A3D66C5}"
EndProject
Project("{9A19103F-16F7-4668-BE54-9A1E7A4F7556}") = "MvvmNavigation.Wpf.UnitTests", "test\MvvmNavigation.Wpf.UnitTests\MvvmNavigation.Wpf.UnitTests.csproj", "{8FD8FA01-0DCD-4602-8991-3EEA1E688BD7}"
EndProject
Project("{9A19103F-16F7-4668-BE54-9A1E7A4F7556}") = "MvvmNavigation.Abstractions.UnitTests", "test\MvvmNavigation.Abstractions.UnitTests\MvvmNavigation.Abstractions.UnitTests.csproj", "{E53671F6-1DB8-4214-9280-BAA141A29EF9}"
EndProject
Project("{9A19103F-16F7-4668-BE54-9A1E7A4F7556}") = "MvvmNavigation.Unity", "src\MvvmNavigation.Unity\MvvmNavigation.Unity.csproj", "{29FCC7A8-E39D-478D-8573-31D7420F5B92}"
EndProject
Project("{9A19103F-16F7-4668-BE54-9A1E7A4F7556}") = "MvvmNavigation.Tests.Common", "test\MvvmNavigation.Tests.Common\MvvmNavigation.Tests.Common.csproj", "{FE77A7C7-FABE-42A4-A729-205A40307CCE}"
EndProject
Project("{9A19103F-16F7-4668-BE54-9A1E7A4F7556}") = "MvvmNavigation.Unity.UnitTests", "test\MvvmNavigation.Unity.UnitTests\MvvmNavigation.Unity.UnitTests.csproj", "{422FD701-9B8F-4BFF-B212-130E83822594}"
EndProject
Project("{2150E333-8FDC-42A3-9474-1A3956D46DE8}") = "Common", "Common", "{5C411D94-59A6-47CF-A57E-DAFFDED03E18}"
EndProject
Project("{9A19103F-16F7-4668-BE54-9A1E7A4F7556}") = "MvvmNavigation.Abstractions.ContractTests", "test\MvvmNavigation.Abstractions.ContractTests\MvvmNavigation.Abstractions.ContractTests.csproj", "{3B5A719E-FAC8-45D8-A9FA-0157F968E6DB}"
EndProject
Project("{9A19103F-16F7-4668-BE54-9A1E7A4F7556}") = "MvvmNavigation.Core.ContractTests", "test\MvvmNavigation.Core.ContractTests\MvvmNavigation.Core.ContractTests.csproj", "{5BF2E2A9-1741-4A44-83D8-3F6E1A533F56}"
EndProject
Project("{9A19103F-16F7-4668-BE54-9A1E7A4F7556}") = "MvvmNavigation.Core", "src\MvvmNavigation.Core\MvvmNavigation.Core.csproj", "{B3CAFA52-EFBD-4261-B78B-F437C5D1345C}"
EndProject
Project("{9A19103F-16F7-4668-BE54-9A1E7A4F7556}") = "MvvmNavigation.Core.UnitTests", "test\MvvmNavigation.Core.UnitTests\MvvmNavigation.Core.UnitTests.csproj", "{49BE972C-56B7-4D75-A94C-3AEB2079ADC9}"
EndProject
Project("{9A19103F-16F7-4668-BE54-9A1E7A4F7556}") = "MvvmNavigation.Internal", "src\MvvmNavigation.Internal\MvvmNavigation.Internal.csproj", "{F35FAB9E-E106-4074-B4A6-49596B726670}"
EndProject
Project("{9A19103F-16F7-4668-BE54-9A1E7A4F7556}") = "MvvmNavigation.Internal.UnitTests", "test\MvvmNavigation.Internal.UnitTests\MvvmNavigation.Internal.UnitTests.csproj", "{9F5F3888-7C98-4506-ADE9-3E4E534951A1}"
EndProject
Project("{2150E333-8FDC-42A3-9474-1A3956D46DE8}") = "Unit", "Unit", "{81DA27E5-AC10-4A89-B85F-76C891878DBE}"
EndProject
Project("{2150E333-8FDC-42A3-9474-1A3956D46DE8}") = "Integration", "Integration", "{7727E5E2-88DB-4599-A88F-C63B0187F504}"
EndProject
Project("{2150E333-8FDC-42A3-9474-1A3956D46DE8}") = "Contract", "Contract", "{2D12BB8C-5110-4039-AB65-12BB98C820DE}"
EndProject
Project("{9A19103F-16F7-4668-BE54-9A1E7A4F7556}") = "MvvmNavigation.Wpf.Unity.IntegrationTests", "test\MvvmNavigation.Wpf.Unity.IntegrationTests\MvvmNavigation.Wpf.Unity.IntegrationTests.csproj", "{D14A0F02-8D15-439A-B1E6-E421D1367A34}"
EndProject
Project("{9A19103F-16F7-4668-BE54-9A1E7A4F7556}") = "MvvmNavigation.Tests.Common.Unity", "test\MvvmNavigation.Tests.Common.Unity\MvvmNavigation.Tests.Common.Unity.csproj", "{28DE112D-0CC8-4762-8A66-A841A3551165}"
EndProject
Project("{9A19103F-16F7-4668-BE54-9A1E7A4F7556}") = "MvvmNavigation.Internal.ContractTests", "test\MvvmNavigation.Internal.ContractTests\MvvmNavigation.Internal.ContractTests.csproj", "{76FB8979-F2EB-4C91-9894-7BBA2E4014D9}"
EndProject
Project("{FAE04EC0-301F-11D3-BF4B-00C04F79EFBC}") = "MvvmNavigation.Avalonia.Unity.IntegrationTests", "test\MvvmNavigation.Avalonia.Unity.IntegrationTests\MvvmNavigation.Avalonia.Unity.IntegrationTests.csproj", "{990D042A-6DF0-4BBD-8117-D42184C3309E}"
EndProject
Project("{9A19103F-16F7-4668-BE54-9A1E7A4F7556}") = "MvvmNavigation.Avalonia.UnitTests", "test\MvvmNavigation.Avalonia.UnitTests\MvvmNavigation.Avalonia.UnitTests.csproj", "{31DA5F00-E708-4661-AFE9-CC3EFE952ABA}"
EndProject
Project("{9A19103F-16F7-4668-BE54-9A1E7A4F7556}") = "MvvmNavigation.Avalonia", "src\MvvmNavigation.Avalonia\MvvmNavigation.Avalonia.csproj", "{2C1083F5-865C-4FDF-A5D0-A02CAFC73A8C}"
EndProject
Global
	GlobalSection(SolutionConfigurationPlatforms) = preSolution
		Debug|Any CPU = Debug|Any CPU
		Release|Any CPU = Release|Any CPU
	EndGlobalSection
	GlobalSection(ProjectConfigurationPlatforms) = postSolution
		{76E7DB28-959F-46B8-9178-CBC9F632CFDB}.Debug|Any CPU.ActiveCfg = Debug|Any CPU
		{76E7DB28-959F-46B8-9178-CBC9F632CFDB}.Debug|Any CPU.Build.0 = Debug|Any CPU
		{76E7DB28-959F-46B8-9178-CBC9F632CFDB}.Release|Any CPU.ActiveCfg = Release|Any CPU
		{76E7DB28-959F-46B8-9178-CBC9F632CFDB}.Release|Any CPU.Build.0 = Release|Any CPU
		{3F23483A-19EE-4D9F-96E7-F3702A3D66C5}.Debug|Any CPU.ActiveCfg = Debug|Any CPU
		{3F23483A-19EE-4D9F-96E7-F3702A3D66C5}.Debug|Any CPU.Build.0 = Debug|Any CPU
		{3F23483A-19EE-4D9F-96E7-F3702A3D66C5}.Release|Any CPU.ActiveCfg = Release|Any CPU
		{3F23483A-19EE-4D9F-96E7-F3702A3D66C5}.Release|Any CPU.Build.0 = Release|Any CPU
		{8FD8FA01-0DCD-4602-8991-3EEA1E688BD7}.Debug|Any CPU.ActiveCfg = Debug|Any CPU
		{8FD8FA01-0DCD-4602-8991-3EEA1E688BD7}.Debug|Any CPU.Build.0 = Debug|Any CPU
		{8FD8FA01-0DCD-4602-8991-3EEA1E688BD7}.Release|Any CPU.ActiveCfg = Release|Any CPU
		{8FD8FA01-0DCD-4602-8991-3EEA1E688BD7}.Release|Any CPU.Build.0 = Release|Any CPU
		{E53671F6-1DB8-4214-9280-BAA141A29EF9}.Debug|Any CPU.ActiveCfg = Debug|Any CPU
		{E53671F6-1DB8-4214-9280-BAA141A29EF9}.Debug|Any CPU.Build.0 = Debug|Any CPU
		{E53671F6-1DB8-4214-9280-BAA141A29EF9}.Release|Any CPU.ActiveCfg = Release|Any CPU
		{E53671F6-1DB8-4214-9280-BAA141A29EF9}.Release|Any CPU.Build.0 = Release|Any CPU
		{29FCC7A8-E39D-478D-8573-31D7420F5B92}.Debug|Any CPU.ActiveCfg = Debug|Any CPU
		{29FCC7A8-E39D-478D-8573-31D7420F5B92}.Debug|Any CPU.Build.0 = Debug|Any CPU
		{29FCC7A8-E39D-478D-8573-31D7420F5B92}.Release|Any CPU.ActiveCfg = Release|Any CPU
		{29FCC7A8-E39D-478D-8573-31D7420F5B92}.Release|Any CPU.Build.0 = Release|Any CPU
		{FE77A7C7-FABE-42A4-A729-205A40307CCE}.Debug|Any CPU.ActiveCfg = Debug|Any CPU
		{FE77A7C7-FABE-42A4-A729-205A40307CCE}.Debug|Any CPU.Build.0 = Debug|Any CPU
		{FE77A7C7-FABE-42A4-A729-205A40307CCE}.Release|Any CPU.ActiveCfg = Release|Any CPU
		{FE77A7C7-FABE-42A4-A729-205A40307CCE}.Release|Any CPU.Build.0 = Release|Any CPU
		{422FD701-9B8F-4BFF-B212-130E83822594}.Debug|Any CPU.ActiveCfg = Debug|Any CPU
		{422FD701-9B8F-4BFF-B212-130E83822594}.Debug|Any CPU.Build.0 = Debug|Any CPU
		{422FD701-9B8F-4BFF-B212-130E83822594}.Release|Any CPU.ActiveCfg = Release|Any CPU
		{422FD701-9B8F-4BFF-B212-130E83822594}.Release|Any CPU.Build.0 = Release|Any CPU
		{3B5A719E-FAC8-45D8-A9FA-0157F968E6DB}.Debug|Any CPU.ActiveCfg = Debug|Any CPU
		{3B5A719E-FAC8-45D8-A9FA-0157F968E6DB}.Debug|Any CPU.Build.0 = Debug|Any CPU
		{3B5A719E-FAC8-45D8-A9FA-0157F968E6DB}.Release|Any CPU.ActiveCfg = Release|Any CPU
		{3B5A719E-FAC8-45D8-A9FA-0157F968E6DB}.Release|Any CPU.Build.0 = Release|Any CPU
		{5BF2E2A9-1741-4A44-83D8-3F6E1A533F56}.Debug|Any CPU.ActiveCfg = Debug|Any CPU
		{5BF2E2A9-1741-4A44-83D8-3F6E1A533F56}.Debug|Any CPU.Build.0 = Debug|Any CPU
		{5BF2E2A9-1741-4A44-83D8-3F6E1A533F56}.Release|Any CPU.ActiveCfg = Release|Any CPU
		{5BF2E2A9-1741-4A44-83D8-3F6E1A533F56}.Release|Any CPU.Build.0 = Release|Any CPU
		{B3CAFA52-EFBD-4261-B78B-F437C5D1345C}.Debug|Any CPU.ActiveCfg = Debug|Any CPU
		{B3CAFA52-EFBD-4261-B78B-F437C5D1345C}.Debug|Any CPU.Build.0 = Debug|Any CPU
		{B3CAFA52-EFBD-4261-B78B-F437C5D1345C}.Release|Any CPU.ActiveCfg = Release|Any CPU
		{B3CAFA52-EFBD-4261-B78B-F437C5D1345C}.Release|Any CPU.Build.0 = Release|Any CPU
		{49BE972C-56B7-4D75-A94C-3AEB2079ADC9}.Debug|Any CPU.ActiveCfg = Debug|Any CPU
		{49BE972C-56B7-4D75-A94C-3AEB2079ADC9}.Debug|Any CPU.Build.0 = Debug|Any CPU
		{49BE972C-56B7-4D75-A94C-3AEB2079ADC9}.Release|Any CPU.ActiveCfg = Release|Any CPU
		{49BE972C-56B7-4D75-A94C-3AEB2079ADC9}.Release|Any CPU.Build.0 = Release|Any CPU
		{F35FAB9E-E106-4074-B4A6-49596B726670}.Debug|Any CPU.ActiveCfg = Debug|Any CPU
		{F35FAB9E-E106-4074-B4A6-49596B726670}.Debug|Any CPU.Build.0 = Debug|Any CPU
		{F35FAB9E-E106-4074-B4A6-49596B726670}.Release|Any CPU.ActiveCfg = Release|Any CPU
		{F35FAB9E-E106-4074-B4A6-49596B726670}.Release|Any CPU.Build.0 = Release|Any CPU
		{9F5F3888-7C98-4506-ADE9-3E4E534951A1}.Debug|Any CPU.ActiveCfg = Debug|Any CPU
		{9F5F3888-7C98-4506-ADE9-3E4E534951A1}.Debug|Any CPU.Build.0 = Debug|Any CPU
		{9F5F3888-7C98-4506-ADE9-3E4E534951A1}.Release|Any CPU.ActiveCfg = Release|Any CPU
		{9F5F3888-7C98-4506-ADE9-3E4E534951A1}.Release|Any CPU.Build.0 = Release|Any CPU
		{D14A0F02-8D15-439A-B1E6-E421D1367A34}.Debug|Any CPU.ActiveCfg = Debug|Any CPU
		{D14A0F02-8D15-439A-B1E6-E421D1367A34}.Debug|Any CPU.Build.0 = Debug|Any CPU
		{D14A0F02-8D15-439A-B1E6-E421D1367A34}.Release|Any CPU.ActiveCfg = Release|Any CPU
		{D14A0F02-8D15-439A-B1E6-E421D1367A34}.Release|Any CPU.Build.0 = Release|Any CPU
		{28DE112D-0CC8-4762-8A66-A841A3551165}.Debug|Any CPU.ActiveCfg = Debug|Any CPU
		{28DE112D-0CC8-4762-8A66-A841A3551165}.Debug|Any CPU.Build.0 = Debug|Any CPU
		{28DE112D-0CC8-4762-8A66-A841A3551165}.Release|Any CPU.ActiveCfg = Release|Any CPU
		{28DE112D-0CC8-4762-8A66-A841A3551165}.Release|Any CPU.Build.0 = Release|Any CPU
		{76FB8979-F2EB-4C91-9894-7BBA2E4014D9}.Debug|Any CPU.ActiveCfg = Debug|Any CPU
		{76FB8979-F2EB-4C91-9894-7BBA2E4014D9}.Debug|Any CPU.Build.0 = Debug|Any CPU
		{76FB8979-F2EB-4C91-9894-7BBA2E4014D9}.Release|Any CPU.ActiveCfg = Release|Any CPU
		{76FB8979-F2EB-4C91-9894-7BBA2E4014D9}.Release|Any CPU.Build.0 = Release|Any CPU
		{990D042A-6DF0-4BBD-8117-D42184C3309E}.Debug|Any CPU.ActiveCfg = Debug|Any CPU
		{990D042A-6DF0-4BBD-8117-D42184C3309E}.Debug|Any CPU.Build.0 = Debug|Any CPU
		{990D042A-6DF0-4BBD-8117-D42184C3309E}.Release|Any CPU.ActiveCfg = Release|Any CPU
		{990D042A-6DF0-4BBD-8117-D42184C3309E}.Release|Any CPU.Build.0 = Release|Any CPU
		{31DA5F00-E708-4661-AFE9-CC3EFE952ABA}.Debug|Any CPU.ActiveCfg = Debug|Any CPU
		{31DA5F00-E708-4661-AFE9-CC3EFE952ABA}.Debug|Any CPU.Build.0 = Debug|Any CPU
		{31DA5F00-E708-4661-AFE9-CC3EFE952ABA}.Release|Any CPU.ActiveCfg = Release|Any CPU
		{31DA5F00-E708-4661-AFE9-CC3EFE952ABA}.Release|Any CPU.Build.0 = Release|Any CPU
		{2C1083F5-865C-4FDF-A5D0-A02CAFC73A8C}.Debug|Any CPU.ActiveCfg = Debug|Any CPU
		{2C1083F5-865C-4FDF-A5D0-A02CAFC73A8C}.Debug|Any CPU.Build.0 = Debug|Any CPU
		{2C1083F5-865C-4FDF-A5D0-A02CAFC73A8C}.Release|Any CPU.ActiveCfg = Release|Any CPU
		{2C1083F5-865C-4FDF-A5D0-A02CAFC73A8C}.Release|Any CPU.Build.0 = Release|Any CPU
	EndGlobalSection
	GlobalSection(SolutionProperties) = preSolution
		HideSolutionNode = FALSE
	EndGlobalSection
	GlobalSection(NestedProjects) = preSolution
		{76E7DB28-959F-46B8-9178-CBC9F632CFDB} = {E31339A4-1C1F-48AC-AE56-029CFD04B33E}
		{3F23483A-19EE-4D9F-96E7-F3702A3D66C5} = {E31339A4-1C1F-48AC-AE56-029CFD04B33E}
		{8FD8FA01-0DCD-4602-8991-3EEA1E688BD7} = {81DA27E5-AC10-4A89-B85F-76C891878DBE}
		{E53671F6-1DB8-4214-9280-BAA141A29EF9} = {81DA27E5-AC10-4A89-B85F-76C891878DBE}
		{29FCC7A8-E39D-478D-8573-31D7420F5B92} = {E31339A4-1C1F-48AC-AE56-029CFD04B33E}
		{FE77A7C7-FABE-42A4-A729-205A40307CCE} = {5C411D94-59A6-47CF-A57E-DAFFDED03E18}
		{422FD701-9B8F-4BFF-B212-130E83822594} = {81DA27E5-AC10-4A89-B85F-76C891878DBE}
		{5C411D94-59A6-47CF-A57E-DAFFDED03E18} = {A9E06829-D8AA-4575-9CA9-8BE4930F2573}
		{3B5A719E-FAC8-45D8-A9FA-0157F968E6DB} = {2D12BB8C-5110-4039-AB65-12BB98C820DE}
		{5BF2E2A9-1741-4A44-83D8-3F6E1A533F56} = {2D12BB8C-5110-4039-AB65-12BB98C820DE}
		{B3CAFA52-EFBD-4261-B78B-F437C5D1345C} = {E31339A4-1C1F-48AC-AE56-029CFD04B33E}
		{49BE972C-56B7-4D75-A94C-3AEB2079ADC9} = {81DA27E5-AC10-4A89-B85F-76C891878DBE}
		{F35FAB9E-E106-4074-B4A6-49596B726670} = {E31339A4-1C1F-48AC-AE56-029CFD04B33E}
		{9F5F3888-7C98-4506-ADE9-3E4E534951A1} = {81DA27E5-AC10-4A89-B85F-76C891878DBE}
		{81DA27E5-AC10-4A89-B85F-76C891878DBE} = {A9E06829-D8AA-4575-9CA9-8BE4930F2573}
		{7727E5E2-88DB-4599-A88F-C63B0187F504} = {A9E06829-D8AA-4575-9CA9-8BE4930F2573}
		{2D12BB8C-5110-4039-AB65-12BB98C820DE} = {A9E06829-D8AA-4575-9CA9-8BE4930F2573}
		{D14A0F02-8D15-439A-B1E6-E421D1367A34} = {7727E5E2-88DB-4599-A88F-C63B0187F504}
		{28DE112D-0CC8-4762-8A66-A841A3551165} = {5C411D94-59A6-47CF-A57E-DAFFDED03E18}
		{76FB8979-F2EB-4C91-9894-7BBA2E4014D9} = {2D12BB8C-5110-4039-AB65-12BB98C820DE}
		{990D042A-6DF0-4BBD-8117-D42184C3309E} = {7727E5E2-88DB-4599-A88F-C63B0187F504}
		{31DA5F00-E708-4661-AFE9-CC3EFE952ABA} = {81DA27E5-AC10-4A89-B85F-76C891878DBE}
		{2C1083F5-865C-4FDF-A5D0-A02CAFC73A8C} = {E31339A4-1C1F-48AC-AE56-029CFD04B33E}
	EndGlobalSection
	GlobalSection(ExtensibilityGlobals) = postSolution
		SolutionGuid = {DE6746A3-BA9D-4DF6-A2A0-A45BB86DF4ED}
	EndGlobalSection
EndGlobal
