
Microsoft Visual Studio Solution File, Format Version 12.00
# Visual Studio Version 16
VisualStudioVersion = 16.0.29503.13
MinimumVisualStudioVersion = 10.0.40219.1
Project("{2150E333-8FDC-42A3-9474-1A3956D46DE8}") = "Apps", "Apps", "{C2E400D5-6E0C-4B70-A144-60E0F6F9D5DF}"
EndProject
Project("{9A19103F-16F7-4668-BE54-9A1E7A4F7556}") = "SinglePageApp", "SinglePageApp\SinglePageApp.csproj", "{6B865561-25C5-4192-B1C8-60E89864BA6F}"
EndProject
Project("{2150E333-8FDC-42A3-9474-1A3956D46DE8}") = "Common", "Common", "{86DDB864-BCB3-407C-B276-34766F27EB27}"
EndProject
Project("{9A19103F-16F7-4668-BE54-9A1E7A4F7556}") = "RestaurantApp", "RestaurantApp\RestaurantApp.csproj", "{C7525398-2898-4AAD-93FA-2888A3A64CDC}"
EndProject
Project("{9A19103F-16F7-4668-BE54-9A1E7A4F7556}") = "SampleWithUnity", "SampleWithUnity\SampleWithUnity.csproj", "{9E291E01-9EA6-4BE9-9944-A2934B864C03}"
EndProject
Project("{9A19103F-16F7-4668-BE54-9A1E7A4F7556}") = "Samples.Common", "Samples.Common\Samples.Common.csproj", "{A7AD78CE-EAE2-44A2-87A5-E073E1F031BA}"
EndProject
Global
	GlobalSection(SolutionConfigurationPlatforms) = preSolution
		Debug|Any CPU = Debug|Any CPU
		Debug|x86 = Debug|x86
		Release|Any CPU = Release|Any CPU
		Release|x86 = Release|x86
	EndGlobalSection
	GlobalSection(ProjectConfigurationPlatforms) = postSolution
		{6B865561-25C5-4192-B1C8-60E89864BA6F}.Debug|Any CPU.ActiveCfg = Debug|Any CPU
		{6B865561-25C5-4192-B1C8-60E89864BA6F}.Debug|Any CPU.Build.0 = Debug|Any CPU
		{6B865561-25C5-4192-B1C8-60E89864BA6F}.Debug|x86.ActiveCfg = Debug|Any CPU
		{6B865561-25C5-4192-B1C8-60E89864BA6F}.Debug|x86.Build.0 = Debug|Any CPU
		{6B865561-25C5-4192-B1C8-60E89864BA6F}.Release|Any CPU.ActiveCfg = Release|Any CPU
		{6B865561-25C5-4192-B1C8-60E89864BA6F}.Release|Any CPU.Build.0 = Release|Any CPU
		{6B865561-25C5-4192-B1C8-60E89864BA6F}.Release|x86.ActiveCfg = Release|Any CPU
		{6B865561-25C5-4192-B1C8-60E89864BA6F}.Release|x86.Build.0 = Release|Any CPU
		{C7525398-2898-4AAD-93FA-2888A3A64CDC}.Debug|Any CPU.ActiveCfg = Debug|Any CPU
		{C7525398-2898-4AAD-93FA-2888A3A64CDC}.Debug|Any CPU.Build.0 = Debug|Any CPU
		{C7525398-2898-4AAD-93FA-2888A3A64CDC}.Debug|x86.ActiveCfg = Debug|Any CPU
		{C7525398-2898-4AAD-93FA-2888A3A64CDC}.Debug|x86.Build.0 = Debug|Any CPU
		{C7525398-2898-4AAD-93FA-2888A3A64CDC}.Release|Any CPU.ActiveCfg = Release|Any CPU
		{C7525398-2898-4AAD-93FA-2888A3A64CDC}.Release|Any CPU.Build.0 = Release|Any CPU
		{C7525398-2898-4AAD-93FA-2888A3A64CDC}.Release|x86.ActiveCfg = Release|Any CPU
		{C7525398-2898-4AAD-93FA-2888A3A64CDC}.Release|x86.Build.0 = Release|Any CPU
		{9E291E01-9EA6-4BE9-9944-A2934B864C03}.Debug|Any CPU.ActiveCfg = Debug|Any CPU
		{9E291E01-9EA6-4BE9-9944-A2934B864C03}.Debug|Any CPU.Build.0 = Debug|Any CPU
		{9E291E01-9EA6-4BE9-9944-A2934B864C03}.Debug|x86.ActiveCfg = Debug|Any CPU
		{9E291E01-9EA6-4BE9-9944-A2934B864C03}.Debug|x86.Build.0 = Debug|Any CPU
		{9E291E01-9EA6-4BE9-9944-A2934B864C03}.Release|Any CPU.ActiveCfg = Release|Any CPU
		{9E291E01-9EA6-4BE9-9944-A2934B864C03}.Release|Any CPU.Build.0 = Release|Any CPU
		{9E291E01-9EA6-4BE9-9944-A2934B864C03}.Release|x86.ActiveCfg = Release|Any CPU
		{9E291E01-9EA6-4BE9-9944-A2934B864C03}.Release|x86.Build.0 = Release|Any CPU
		{A7AD78CE-EAE2-44A2-87A5-E073E1F031BA}.Debug|Any CPU.ActiveCfg = Debug|Any CPU
		{A7AD78CE-EAE2-44A2-87A5-E073E1F031BA}.Debug|Any CPU.Build.0 = Debug|Any CPU
		{A7AD78CE-EAE2-44A2-87A5-E073E1F031BA}.Debug|x86.ActiveCfg = Debug|Any CPU
		{A7AD78CE-EAE2-44A2-87A5-E073E1F031BA}.Debug|x86.Build.0 = Debug|Any CPU
		{A7AD78CE-EAE2-44A2-87A5-E073E1F031BA}.Release|Any CPU.ActiveCfg = Release|Any CPU
		{A7AD78CE-EAE2-44A2-87A5-E073E1F031BA}.Release|Any CPU.Build.0 = Release|Any CPU
		{A7AD78CE-EAE2-44A2-87A5-E073E1F031BA}.Release|x86.ActiveCfg = Release|Any CPU
		{A7AD78CE-EAE2-44A2-87A5-E073E1F031BA}.Release|x86.Build.0 = Release|Any CPU
	EndGlobalSection
	GlobalSection(SolutionProperties) = preSolution
		HideSolutionNode = FALSE
	EndGlobalSection
	GlobalSection(NestedProjects) = preSolution
		{6B865561-25C5-4192-B1C8-60E89864BA6F} = {C2E400D5-6E0C-4B70-A144-60E0F6F9D5DF}
		{C7525398-2898-4AAD-93FA-2888A3A64CDC} = {C2E400D5-6E0C-4B70-A144-60E0F6F9D5DF}
		{9E291E01-9EA6-4BE9-9944-A2934B864C03} = {C2E400D5-6E0C-4B70-A144-60E0F6F9D5DF}
		{A7AD78CE-EAE2-44A2-87A5-E073E1F031BA} = {86DDB864-BCB3-407C-B276-34766F27EB27}
	EndGlobalSection
	GlobalSection(ExtensibilityGlobals) = postSolution
		SolutionGuid = {136C6A0F-93AC-4370-BA63-796C63800FAB}
	EndGlobalSection
EndGlobal
